name: Bootstrap npm lockfile

on:
  push:
    branches:
      - V1.0.0

permissions:
  contents: write

jobs:
  generate-lockfile:
    if: github.actor != 'github-actions[bot]'
    runs-on: ubuntu-latest
    steps:
      - name: Checkout
        uses: actions/checkout@v7.0.1
      - name: Setup Node.js
        uses: actions/setup-node@v7.0.0
        with:
          node-version: 24
      - name: Generate package-lock.json
        run: npm install --package-lock-only --ignore-scripts --no-audit --no-fund
      - name: Commit lockfile
        run: |
          git config user.name 'github-actions[bot]'
          git config user.email '41898282+github-actions[bot]@users.noreply.github.com'
          git add package-lock.json
          if git diff --cached --quiet; then
            echo 'package-lock.json is already up to date.'
            exit 0
          fi
          git commit -m 'chore: refresh npm lockfile for platform adapter'
          git push
